
Microsoft Visual Studio Solution File, Format Version 12.00
# Visual Studio Version 17
VisualStudioVersion = 17.3.32819.101
MinimumVisualStudioVersion = 10.0.40219.1
Project("{8BC9CEB8-8B4A-11D0-8D11-00A0C91BC942}") = "CPS171_MP1", "CPS171_MP1\CPS171_MP1.vcxproj", "{6296674B-7DCA-48D7-A9F4-1EC31CA09FDF}"
EndProject
Global
	GlobalSection(SolutionConfigurationPlatforms) = preSolution
		Debug|x64 = Debug|x64
		Debug|x86 = Debug|x86
		Release|x64 = Release|x64
		Release|x86 = Release|x86
	EndGlobalSection
	GlobalSection(ProjectConfigurationPlatforms) = postSolution
		{6296674B-7DCA-48D7-A9F4-1EC31CA09FDF}.Debug|x64.ActiveCfg = Debug|x64
		{6296674B-7DCA-48D7-A9F4-1EC31CA09FDF}.Debug|x64.Build.0 = Debug|x64
		{6296674B-7DCA-48D7-A9F4-1EC31CA09FDF}.Debug|x86.ActiveCfg = Debug|Win32
		{6296674B-7DCA-48D7-A9F4-1EC31CA09FDF}.Debug|x86.Build.0 = Debug|Win32
		{6296674B-7DCA-48D7-A9F4-1EC31CA09FDF}.Release|x64.ActiveCfg = Release|x64
		{6296674B-7DCA-48D7-A9F4-1EC31CA09FDF}.Release|x64.Build.0 = Release|x64
		{6296674B-7DCA-48D7-A9F4-1EC31CA09FDF}.Release|x86.ActiveCfg = Release|Win32
		{6296674B-7DCA-48D7-A9F4-1EC31CA09FDF}.Release|x86.Build.0 = Release|Win32
	EndGlobalSection
	GlobalSection(SolutionProperties) = preSolution
		HideSolutionNode = FALSE
	EndGlobalSection
	GlobalSection(ExtensibilityGlobals) = postSolution
		SolutionGuid = {24C08F5F-815A-45D9-B9DE-A14A1A31DBB8}
	EndGlobalSection
EndGlobal
